
Microsoft Visual Studio Solution File, Format Version 12.00
# Visual Studio Version 17
VisualStudioVersion = 17.1.32210.238
MinimumVisualStudioVersion = 10.0.40219.1
Project("{FAE04EC0-301F-11D3-BF4B-00C04F79EFBC}") = "WebAPIEFDepartment", "WebAPIEFDepartment\WebAPIEFDepartment.csproj", "{AD28C735-46B6-48BE-AA83-0468856B773B}"
EndProject
Global
	GlobalSection(SolutionConfigurationPlatforms) = preSolution
		Debug|Any CPU = Debug|Any CPU
		Release|Any CPU = Release|Any CPU
	EndGlobalSection
	GlobalSection(ProjectConfigurationPlatforms) = postSolution
		{AD28C735-46B6-48BE-AA83-0468856B773B}.Debug|Any CPU.ActiveCfg = Debug|Any CPU
		{AD28C735-46B6-48BE-AA83-0468856B773B}.Debug|Any CPU.Build.0 = Debug|Any CPU
		{AD28C735-46B6-48BE-AA83-0468856B773B}.Release|Any CPU.ActiveCfg = Release|Any CPU
		{AD28C735-46B6-48BE-AA83-0468856B773B}.Release|Any CPU.Build.0 = Release|Any CPU
	EndGlobalSection
	GlobalSection(SolutionProperties) = preSolution
		HideSolutionNode = FALSE
	EndGlobalSection
	GlobalSection(ExtensibilityGlobals) = postSolution
		SolutionGuid = {0E7705C2-2DD5-432B-A95E-7198855E1E0E}
	EndGlobalSection
EndGlobal
